
Microsoft Visual Studio Solution File, Format Version 12.00
# Visual Studio Version 17
VisualStudioVersion = 17.2.32602.215
MinimumVisualStudioVersion = 10.0.40219.1
Project("{FAE04EC0-301F-11D3-BF4B-00C04F79EFBC}") = "MilleniumAspWebAPI", "MilleniumAspWebAPI.csproj", "{2F7E7629-1F72-4765-9EDB-7707354118A2}"
EndProject
Global
	GlobalSection(SolutionConfigurationPlatforms) = preSolution
		Debug|Any CPU = Debug|Any CPU
		Release|Any CPU = Release|Any CPU
	EndGlobalSection
	GlobalSection(ProjectConfigurationPlatforms) = postSolution
		{2F7E7629-1F72-4765-9EDB-7707354118A2}.Debug|Any CPU.ActiveCfg = Debug|Any CPU
		{2F7E7629-1F72-4765-9EDB-7707354118A2}.Debug|Any CPU.Build.0 = Debug|Any CPU
		{2F7E7629-1F72-4765-9EDB-7707354118A2}.Release|Any CPU.ActiveCfg = Release|Any CPU
		{2F7E7629-1F72-4765-9EDB-7707354118A2}.Release|Any CPU.Build.0 = Release|Any CPU
	EndGlobalSection
	GlobalSection(SolutionProperties) = preSolution
		HideSolutionNode = FALSE
	EndGlobalSection
	GlobalSection(ExtensibilityGlobals) = postSolution
		SolutionGuid = {AA480B76-A6E2-4A8B-BCF8-5E6045060866}
	EndGlobalSection
EndGlobal
